
Microsoft Visual Studio Solution File, Format Version 12.00
# Visual Studio Version 17
VisualStudioVersion = 17.14.36414.22 d17.14
MinimumVisualStudioVersion = 10.0.40219.1
Project("{FAE04EC0-301F-11D3-BF4B-00C04F79EFBC}") = "AutoGrading.Common", "AutoGrading.Common\AutoGrading.Common.csproj", "{8F88BBA7-B63D-4E31-8585-BA6C3DBF6C2C}"
EndProject
Project("{FAE04EC0-301F-11D3-BF4B-00C04F79EFBC}") = "AutoGradingSystem", "AutoGradingSystem\AutoGradingSystem.csproj", "{B64D90A0-F018-41A5-8720-4A427F825F3C}"
EndProject
Project("{FAE04EC0-301F-11D3-BF4B-00C04F79EFBC}") = "TestKitGeneration", "TestKitGeneration\TestKitGeneration.csproj", "{352A0051-388A-4A5C-93AC-AF5E6190F122}"
EndProject
Global
	GlobalSection(SolutionConfigurationPlatforms) = preSolution
		Debug|Any CPU = Debug|Any CPU
		Release|Any CPU = Release|Any CPU
	EndGlobalSection
	GlobalSection(ProjectConfigurationPlatforms) = postSolution
		{8F88BBA7-B63D-4E31-8585-BA6C3DBF6C2C}.Debug|Any CPU.ActiveCfg = Debug|Any CPU
		{8F88BBA7-B63D-4E31-8585-BA6C3DBF6C2C}.Debug|Any CPU.Build.0 = Debug|Any CPU
		{8F88BBA7-B63D-4E31-8585-BA6C3DBF6C2C}.Release|Any CPU.ActiveCfg = Release|Any CPU
		{8F88BBA7-B63D-4E31-8585-BA6C3DBF6C2C}.Release|Any CPU.Build.0 = Release|Any CPU
		{B64D90A0-F018-41A5-8720-4A427F825F3C}.Debug|Any CPU.ActiveCfg = Debug|Any CPU
		{B64D90A0-F018-41A5-8720-4A427F825F3C}.Debug|Any CPU.Build.0 = Debug|Any CPU
		{B64D90A0-F018-41A5-8720-4A427F825F3C}.Release|Any CPU.ActiveCfg = Release|Any CPU
		{B64D90A0-F018-41A5-8720-4A427F825F3C}.Release|Any CPU.Build.0 = Release|Any CPU
		{352A0051-388A-4A5C-93AC-AF5E6190F122}.Debug|Any CPU.ActiveCfg = Debug|Any CPU
		{352A0051-388A-4A5C-93AC-AF5E6190F122}.Debug|Any CPU.Build.0 = Debug|Any CPU
		{352A0051-388A-4A5C-93AC-AF5E6190F122}.Release|Any CPU.ActiveCfg = Release|Any CPU
		{352A0051-388A-4A5C-93AC-AF5E6190F122}.Release|Any CPU.Build.0 = Release|Any CPU
	EndGlobalSection
	GlobalSection(SolutionProperties) = preSolution
		HideSolutionNode = FALSE
	EndGlobalSection
	GlobalSection(ExtensibilityGlobals) = postSolution
		SolutionGuid = {453ACFE0-6E74-41ED-AA1C-64BFE3FC0A36}
	EndGlobalSection
EndGlobal
